// !$*UTF8*$!
{
	archiveVersion = 1;
	classes = {
	};
	objectVersion = 46;
	objects = {

/* Begin PBXBuildFile section */
		0504B3D1192292870074A488 /* XSDocgen_ClearFiles.c in Sources */ = {isa = PBXBuildFile; fileRef = 0504B3D0192292870074A488 /* XSDocgen_ClearFiles.c */; };
		0572029B1921537F004644BB /* XSDocgen_Main.c in Sources */ = {isa = PBXBuildFile; fileRef = 058C2B101921464600F5AAA4 /* XSDocgen_Main.c */; };
		0572029C1921537F004644BB /* XSDocgen_FreeArguments.c in Sources */ = {isa = PBXBuildFile; fileRef = 058C2B161921521300F5AAA4 /* XSDocgen_FreeArguments.c */; };
		0572029D1921537F004644BB /* XSDocgen_ParseArguments.c in Sources */ = {isa = PBXBuildFile; fileRef = 058C2B171921521300F5AAA4 /* XSDocgen_ParseArguments.c */; };
		0572029E1921537F004644BB /* XSDocgen_ShowHelp.c in Sources */ = {isa = PBXBuildFile; fileRef = 058C2B181921521300F5AAA4 /* XSDocgen_ShowHelp.c */; };
		0572029F1921537F004644BB /* XSDocgen_ShowVersion.c in Sources */ = {isa = PBXBuildFile; fileRef = 058C2B191921521300F5AAA4 /* XSDocgen_ShowVersion.c */; };
		057202A2192162EE004644BB /* XSDocgen_DirectoryExists.c in Sources */ = {isa = PBXBuildFile; fileRef = 057202A1192162EE004644BB /* XSDocgen_DirectoryExists.c */; };
		057202A4192165BF004644BB /* XSDocgen_CreateDirectory.c in Sources */ = {isa = PBXBuildFile; fileRef = 057202A3192165BF004644BB /* XSDocgen_CreateDirectory.c */; };
		057202AD19216CD5004644BB /* XSDocgen_AppendString.c in Sources */ = {isa = PBXBuildFile; fileRef = 057202AA19216CD5004644BB /* XSDocgen_AppendString.c */; };
		057202AE19216CD5004644BB /* XSDocgen_CreateString.c in Sources */ = {isa = PBXBuildFile; fileRef = 057202AB19216CD5004644BB /* XSDocgen_CreateString.c */; };
		057202AF19216CD5004644BB /* XSDocgen_FreeString.c in Sources */ = {isa = PBXBuildFile; fileRef = 057202AC19216CD5004644BB /* XSDocgen_FreeString.c */; };
		057202B1192171FA004644BB /* XSDocgen_FileExists.c in Sources */ = {isa = PBXBuildFile; fileRef = 057202B0192171FA004644BB /* XSDocgen_FileExists.c */; };
		05E79F0519220AD800C9C25D /* XSDocgen_CopyFiles.c in Sources */ = {isa = PBXBuildFile; fileRef = 05E79F0419220AD800C9C25D /* XSDocgen_CopyFiles.c */; };
/* End PBXBuildFile section */

/* Begin PBXCopyFilesBuildPhase section */
		0572028F19215379004644BB /* CopyFiles */ = {
			isa = PBXCopyFilesBuildPhase;
			buildActionMask = 2147483647;
			dstPath = /usr/share/man/man1/;
			dstSubfolderSpec = 0;
			files = (
			);
			runOnlyForDeploymentPostprocessing = 1;
		};
/* End PBXCopyFilesBuildPhase section */

/* Begin PBXFileReference section */
		0504B3D0192292870074A488 /* XSDocgen_ClearFiles.c */ = {isa = PBXFileReference; fileEncoding = 4; lastKnownFileType = sourcecode.c.c; path = XSDocgen_ClearFiles.c; sourceTree = "<group>"; };
		0504B3D41922A2390074A488 /* footer-bg.png */ = {isa = PBXFileReference; lastKnownFileType = image.png; path = "footer-bg.png"; sourceTree = "<group>"; };
		0504B3D51922A2390074A488 /* header-bg.png */ = {isa = PBXFileReference; lastKnownFileType = image.png; path = "header-bg.png"; sourceTree = "<group>"; };
		0504B3D61922A2390074A488 /* package.png */ = {isa = PBXFileReference; lastKnownFileType = image.png; path = package.png; sourceTree = "<group>"; };
		0504B3D71922A2390074A488 /* print.png */ = {isa = PBXFileReference; lastKnownFileType = image.png; path = print.png; sourceTree = "<group>"; };
		0504B3D81922A2390074A488 /* search.png */ = {isa = PBXFileReference; lastKnownFileType = image.png; path = search.png; sourceTree = "<group>"; };
		0504B3D91922A2390074A488 /* XSDoc.css */ = {isa = PBXFileReference; fileEncoding = 4; lastKnownFileType = text.css; path = XSDoc.css; sourceTree = "<group>"; };
		0504B3DE1922A2390074A488 /* Base.class.php */ = {isa = PBXFileReference; fileEncoding = 4; lastKnownFileType = text.script.php; path = Base.class.php; sourceTree = "<group>"; };
		0504B3DF1922A2390074A488 /* Function.class.php */ = {isa = PBXFileReference; fileEncoding = 4; lastKnownFileType = text.script.php; path = Function.class.php; sourceTree = "<group>"; };
		0504B3E01922A2390074A488 /* Header.class.php */ = {isa = PBXFileReference; fileEncoding = 4; lastKnownFileType = text.script.php; path = Header.class.php; sourceTree = "<group>"; };
		0504B3E11922A2390074A488 /* Macro.class.php */ = {isa = PBXFileReference; fileEncoding = 4; lastKnownFileType = text.script.php; path = Macro.class.php; sourceTree = "<group>"; };
		0504B3E21922A2390074A488 /* Member.class.php */ = {isa = PBXFileReference; fileEncoding = 4; lastKnownFileType = text.script.php; path = Member.class.php; sourceTree = "<group>"; };
		0504B3E31922A2390074A488 /* Type.class.php */ = {isa = PBXFileReference; fileEncoding = 4; lastKnownFileType = text.script.php; path = Type.class.php; sourceTree = "<group>"; };
		0504B3E41922A2390074A488 /* Docset.class.php */ = {isa = PBXFileReference; fileEncoding = 4; lastKnownFileType = text.script.php; path = Docset.class.php; sourceTree = "<group>"; };
		0504B3E51922A9F90074A488 /* Constant.class.php */ = {isa = PBXFileReference; fileEncoding = 4; lastKnownFileType = text.script.php; path = Constant.class.php; sourceTree = "<group>"; };
		0504B3E61922AE190074A488 /* Class.class.php */ = {isa = PBXFileReference; fileEncoding = 4; lastKnownFileType = text.script.php; path = Class.class.php; sourceTree = "<group>"; };
		0504B3E71922C56B0074A488 /* Method.class.php */ = {isa = PBXFileReference; fileEncoding = 4; lastKnownFileType = text.script.php; path = Method.class.php; sourceTree = "<group>"; };
		0504B3E81922C56B0074A488 /* Property.class.php */ = {isa = PBXFileReference; fileEncoding = 4; lastKnownFileType = text.script.php; path = Property.class.php; sourceTree = "<group>"; };
		0504B3E91922C9DF0074A488 /* InstanceVariable.class.php */ = {isa = PBXFileReference; fileEncoding = 4; lastKnownFileType = text.script.php; path = InstanceVariable.class.php; sourceTree = "<group>"; };
		0569CBDD1923EEDC0089E263 /* headerdoc.config */ = {isa = PBXFileReference; fileEncoding = 4; lastKnownFileType = text; name = headerdoc.config; path = Resources/headerdoc.config; sourceTree = SOURCE_ROOT; };
		0569CBE119240CAD0089E263 /* ClassMember.class.php */ = {isa = PBXFileReference; fileEncoding = 4; lastKnownFileType = text.script.php; path = ClassMember.class.php; sourceTree = "<group>"; };
		0569CBE219240CAD0089E263 /* Global.class.php */ = {isa = PBXFileReference; fileEncoding = 4; lastKnownFileType = text.script.php; path = Global.class.php; sourceTree = "<group>"; };
		0572029119215379004644BB /* XSDocgen */ = {isa = PBXFileReference; explicitFileType = "compiled.mach-o.executable"; includeInIndex = 0; path = XSDocgen; sourceTree = BUILT_PRODUCTS_DIR; };
		057202A01921554C004644BB /* XSDocgen-Warnings.h */ = {isa = PBXFileReference; lastKnownFileType = sourcecode.c.h; path = "XSDocgen-Warnings.h"; sourceTree = "<group>"; };
		057202A1192162EE004644BB /* XSDocgen_DirectoryExists.c */ = {isa = PBXFileReference; fileEncoding = 4; lastKnownFileType = sourcecode.c.c; path = XSDocgen_DirectoryExists.c; sourceTree = "<group>"; };
		057202A3192165BF004644BB /* XSDocgen_CreateDirectory.c */ = {isa = PBXFileReference; fileEncoding = 4; lastKnownFileType = sourcecode.c.c; path = XSDocgen_CreateDirectory.c; sourceTree = "<group>"; };
		057202AA19216CD5004644BB /* XSDocgen_AppendString.c */ = {isa = PBXFileReference; fileEncoding = 4; lastKnownFileType = sourcecode.c.c; path = XSDocgen_AppendString.c; sourceTree = "<group>"; };
		057202AB19216CD5004644BB /* XSDocgen_CreateString.c */ = {isa = PBXFileReference; fileEncoding = 4; lastKnownFileType = sourcecode.c.c; path = XSDocgen_CreateString.c; sourceTree = "<group>"; };
		057202AC19216CD5004644BB /* XSDocgen_FreeString.c */ = {isa = PBXFileReference; fileEncoding = 4; lastKnownFileType = sourcecode.c.c; path = XSDocgen_FreeString.c; sourceTree = "<group>"; };
		057202B0192171FA004644BB /* XSDocgen_FileExists.c */ = {isa = PBXFileReference; fileEncoding = 4; lastKnownFileType = sourcecode.c.c; path = XSDocgen_FileExists.c; sourceTree = "<group>"; };
		057989A91944200E00DA9D54 /* XSDoc-Old.css */ = {isa = PBXFileReference; lastKnownFileType = text.css; path = "XSDoc-Old.css"; sourceTree = "<group>"; };
		058C2B0D1921462F00F5AAA4 /* README.md */ = {isa = PBXFileReference; fileEncoding = 4; lastKnownFileType = text; path = README.md; sourceTree = "<group>"; };
		058C2B101921464600F5AAA4 /* XSDocgen_Main.c */ = {isa = PBXFileReference; lastKnownFileType = sourcecode.c.c; path = XSDocgen_Main.c; sourceTree = "<group>"; };
		058C2B11192146B400F5AAA4 /* Makefile */ = {isa = PBXFileReference; fileEncoding = 4; lastKnownFileType = sourcecode.make; path = Makefile; sourceTree = "<group>"; };
		058C2B1319214F4700F5AAA4 /* XSDocgen-Functions.h */ = {isa = PBXFileReference; lastKnownFileType = sourcecode.c.h; path = "XSDocgen-Functions.h"; sourceTree = "<group>"; };
		058C2B1419214F5400F5AAA4 /* XSDocgen-Types.h */ = {isa = PBXFileReference; lastKnownFileType = sourcecode.c.h; path = "XSDocgen-Types.h"; sourceTree = "<group>"; };
		058C2B1519214F6400F5AAA4 /* XSDocgen.h */ = {isa = PBXFileReference; lastKnownFileType = sourcecode.c.h; path = XSDocgen.h; sourceTree = "<group>"; };
		058C2B161921521300F5AAA4 /* XSDocgen_FreeArguments.c */ = {isa = PBXFileReference; fileEncoding = 4; lastKnownFileType = sourcecode.c.c; path = XSDocgen_FreeArguments.c; sourceTree = "<group>"; };
		058C2B171921521300F5AAA4 /* XSDocgen_ParseArguments.c */ = {isa = PBXFileReference; fileEncoding = 4; lastKnownFileType = sourcecode.c.c; path = XSDocgen_ParseArguments.c; sourceTree = "<group>"; };
		058C2B181921521300F5AAA4 /* XSDocgen_ShowHelp.c */ = {isa = PBXFileReference; fileEncoding = 4; lastKnownFileType = sourcecode.c.c; path = XSDocgen_ShowHelp.c; sourceTree = "<group>"; };
		058C2B191921521300F5AAA4 /* XSDocgen_ShowVersion.c */ = {isa = PBXFileReference; fileEncoding = 4; lastKnownFileType = sourcecode.c.c; path = XSDocgen_ShowVersion.c; sourceTree = "<group>"; };
		05E79F0419220AD800C9C25D /* XSDocgen_CopyFiles.c */ = {isa = PBXFileReference; fileEncoding = 4; lastKnownFileType = sourcecode.c.c; path = XSDocgen_CopyFiles.c; sourceTree = "<group>"; };
/* End PBXFileReference section */

/* Begin PBXFrameworksBuildPhase section */
		0572028E19215379004644BB /* Frameworks */ = {
			isa = PBXFrameworksBuildPhase;
			buildActionMask = 2147483647;
			files = (
			);
			runOnlyForDeploymentPostprocessing = 0;
		};
/* End PBXFrameworksBuildPhase section */

/* Begin PBXGroup section */
		0504B3D21922A2390074A488 /* CSS */ = {
			isa = PBXGroup;
			children = (
				0504B3D31922A2390074A488 /* Resources */,
				0504B3D91922A2390074A488 /* XSDoc.css */,
				057989A91944200E00DA9D54 /* XSDoc-Old.css */,
			);
			name = CSS;
			path = Resources/CSS;
			sourceTree = SOURCE_ROOT;
		};
		0504B3D31922A2390074A488 /* Resources */ = {
			isa = PBXGroup;
			children = (
				0504B3D41922A2390074A488 /* footer-bg.png */,
				0504B3D51922A2390074A488 /* header-bg.png */,
				0504B3D61922A2390074A488 /* package.png */,
				0504B3D71922A2390074A488 /* print.png */,
				0504B3D81922A2390074A488 /* search.png */,
			);
			path = Resources;
			sourceTree = "<group>";
		};
		0504B3DA1922A2390074A488 /* PHP */ = {
			isa = PBXGroup;
			children = (
				0504B3DB1922A2390074A488 /* Classes */,
			);
			name = PHP;
			path = Resources/PHP;
			sourceTree = SOURCE_ROOT;
		};
		0504B3DB1922A2390074A488 /* Classes */ = {
			isa = PBXGroup;
			children = (
				0504B3DC1922A2390074A488 /* XS */,
			);
			path = Classes;
			sourceTree = "<group>";
		};
		0504B3DC1922A2390074A488 /* XS */ = {
			isa = PBXGroup;
			children = (
				0504B3DD1922A2390074A488 /* Docset */,
				0504B3E41922A2390074A488 /* Docset.class.php */,
			);
			path = XS;
			sourceTree = "<group>";
		};
		0504B3DD1922A2390074A488 /* Docset */ = {
			isa = PBXGroup;
			children = (
				0504B3DE1922A2390074A488 /* Base.class.php */,
				0504B3DF1922A2390074A488 /* Function.class.php */,
				0504B3E51922A9F90074A488 /* Constant.class.php */,
				0504B3E61922AE190074A488 /* Class.class.php */,
				0569CBE119240CAD0089E263 /* ClassMember.class.php */,
				0569CBE219240CAD0089E263 /* Global.class.php */,
				0504B3E71922C56B0074A488 /* Method.class.php */,
				0504B3E81922C56B0074A488 /* Property.class.php */,
				0504B3E91922C9DF0074A488 /* InstanceVariable.class.php */,
				0504B3E01922A2390074A488 /* Header.class.php */,
				0504B3E11922A2390074A488 /* Macro.class.php */,
				0504B3E21922A2390074A488 /* Member.class.php */,
				0504B3E31922A2390074A488 /* Type.class.php */,
			);
			path = Docset;
			sourceTree = "<group>";
		};
		0572029219215379004644BB /* Products */ = {
			isa = PBXGroup;
			children = (
				0572029119215379004644BB /* XSDocgen */,
			);
			name = Products;
			sourceTree = "<group>";
		};
		058C2B021921461E00F5AAA4 = {
			isa = PBXGroup;
			children = (
				058C2B11192146B400F5AAA4 /* Makefile */,
				058C2B0D1921462F00F5AAA4 /* README.md */,
				058C2B0E1921462F00F5AAA4 /* Resources */,
				058C2B0F1921462F00F5AAA4 /* Source */,
				0572029219215379004644BB /* Products */,
			);
			sourceTree = "<group>";
		};
		058C2B0E1921462F00F5AAA4 /* Resources */ = {
			isa = PBXGroup;
			children = (
				0569CBDD1923EEDC0089E263 /* headerdoc.config */,
				0504B3D21922A2390074A488 /* CSS */,
				0504B3DA1922A2390074A488 /* PHP */,
			);
			path = Resources;
			sourceTree = "<group>";
		};
		058C2B0F1921462F00F5AAA4 /* Source */ = {
			isa = PBXGroup;
			children = (
				058C2B1219214F2900F5AAA4 /* include */,
				058C2B101921464600F5AAA4 /* XSDocgen_Main.c */,
				058C2B161921521300F5AAA4 /* XSDocgen_FreeArguments.c */,
				058C2B171921521300F5AAA4 /* XSDocgen_ParseArguments.c */,
				058C2B181921521300F5AAA4 /* XSDocgen_ShowHelp.c */,
				058C2B191921521300F5AAA4 /* XSDocgen_ShowVersion.c */,
				057202B0192171FA004644BB /* XSDocgen_FileExists.c */,
				057202A1192162EE004644BB /* XSDocgen_DirectoryExists.c */,
				057202A3192165BF004644BB /* XSDocgen_CreateDirectory.c */,
				05E79F0419220AD800C9C25D /* XSDocgen_CopyFiles.c */,
				0504B3D0192292870074A488 /* XSDocgen_ClearFiles.c */,
				057202AA19216CD5004644BB /* XSDocgen_AppendString.c */,
				057202AB19216CD5004644BB /* XSDocgen_CreateString.c */,
				057202AC19216CD5004644BB /* XSDocgen_FreeString.c */,
			);
			path = Source;
			sourceTree = "<group>";
		};
		058C2B1219214F2900F5AAA4 /* include */ = {
			isa = PBXGroup;
			children = (
				058C2B1319214F4700F5AAA4 /* XSDocgen-Functions.h */,
				058C2B1419214F5400F5AAA4 /* XSDocgen-Types.h */,
				057202A01921554C004644BB /* XSDocgen-Warnings.h */,
				058C2B1519214F6400F5AAA4 /* XSDocgen.h */,
			);
			path = include;
			sourceTree = "<group>";
		};
/* End PBXGroup section */

/* Begin PBXLegacyTarget section */
		058C2B071921461E00F5AAA4 /* XSDocgen - Make */ = {
			isa = PBXLegacyTarget;
			buildArgumentsString = "$(ACTION)";
			buildConfigurationList = 058C2B0A1921461E00F5AAA4 /* Build configuration list for PBXLegacyTarget "XSDocgen - Make" */;
			buildPhases = (
			);
			buildToolPath = /usr/bin/make;
			dependencies = (
			);
			name = "XSDocgen - Make";
			passBuildSettingsInEnvironment = 1;
			productName = XSDocgen;
		};
/* End PBXLegacyTarget section */

/* Begin PBXNativeTarget section */
		0572029019215379004644BB /* XSDocgen */ = {
			isa = PBXNativeTarget;
			buildConfigurationList = 0572029819215379004644BB /* Build configuration list for PBXNativeTarget "XSDocgen" */;
			buildPhases = (
				0572028D19215379004644BB /* Sources */,
				0572028E19215379004644BB /* Frameworks */,
				0572028F19215379004644BB /* CopyFiles */,
			);
			buildRules = (
			);
			dependencies = (
			);
			name = XSDocgen;
			productName = XSDocgen;
			productReference = 0572029119215379004644BB /* XSDocgen */;
			productType = "com.apple.product-type.tool";
		};
/* End PBXNativeTarget section */

/* Begin PBXProject section */
		058C2B031921461E00F5AAA4 /* Project object */ = {
			isa = PBXProject;
			attributes = {
				LastUpgradeCheck = 0900;
				ORGANIZATIONNAME = "XS-Labs";
			};
			buildConfigurationList = 058C2B061921461E00F5AAA4 /* Build configuration list for PBXProject "XSDocgen" */;
			compatibilityVersion = "Xcode 3.2";
			developmentRegion = English;
			hasScannedForEncodings = 0;
			knownRegions = (
				en,
			);
			mainGroup = 058C2B021921461E00F5AAA4;
			productRefGroup = 0572029219215379004644BB /* Products */;
			projectDirPath = "";
			projectRoot = "";
			targets = (
				0572029019215379004644BB /* XSDocgen */,
				058C2B071921461E00F5AAA4 /* XSDocgen - Make */,
			);
		};
/* End PBXProject section */

/* Begin PBXSourcesBuildPhase section */
		0572028D19215379004644BB /* Sources */ = {
			isa = PBXSourcesBuildPhase;
			buildActionMask = 2147483647;
			files = (
				0572029B1921537F004644BB /* XSDocgen_Main.c in Sources */,
				057202AD19216CD5004644BB /* XSDocgen_AppendString.c in Sources */,
				0572029D1921537F004644BB /* XSDocgen_ParseArguments.c in Sources */,
				057202AE19216CD5004644BB /* XSDocgen_CreateString.c in Sources */,
				0572029C1921537F004644BB /* XSDocgen_FreeArguments.c in Sources */,
				057202A4192165BF004644BB /* XSDocgen_CreateDirectory.c in Sources */,
				0572029F1921537F004644BB /* XSDocgen_ShowVersion.c in Sources */,
				057202AF19216CD5004644BB /* XSDocgen_FreeString.c in Sources */,
				057202A2192162EE004644BB /* XSDocgen_DirectoryExists.c in Sources */,
				05E79F0519220AD800C9C25D /* XSDocgen_CopyFiles.c in Sources */,
				057202B1192171FA004644BB /* XSDocgen_FileExists.c in Sources */,
				0572029E1921537F004644BB /* XSDocgen_ShowHelp.c in Sources */,
				0504B3D1192292870074A488 /* XSDocgen_ClearFiles.c in Sources */,
			);
			runOnlyForDeploymentPostprocessing = 0;
		};
/* End PBXSourcesBuildPhase section */

/* Begin XCBuildConfiguration section */
		0572029919215379004644BB /* Debug */ = {
			isa = XCBuildConfiguration;
			buildSettings = {
				GCC_DYNAMIC_NO_PIC = NO;
				PRODUCT_NAME = "$(TARGET_NAME)";
			};
			name = Debug;
		};
		0572029A19215379004644BB /* Release */ = {
			isa = XCBuildConfiguration;
			buildSettings = {
				PRODUCT_NAME = "$(TARGET_NAME)";
			};
			name = Release;
		};
		058C2B081921461E00F5AAA4 /* Debug */ = {
			isa = XCBuildConfiguration;
			buildSettings = {
				ALWAYS_SEARCH_USER_PATHS = NO;
				CLANG_ANALYZER_DEADCODE_DEADSTORES = YES;
				CLANG_ANALYZER_GCD = YES;
				CLANG_ANALYZER_LOCALIZABILITY_EMPTY_CONTEXT = YES;
				CLANG_ANALYZER_LOCALIZABILITY_NONLOCALIZED = YES;
				CLANG_ANALYZER_MEMORY_MANAGEMENT = YES;
				CLANG_ANALYZER_NONNULL = YES;
				CLANG_ANALYZER_NUMBER_OBJECT_CONVERSION = YES_AGGRESSIVE;
				CLANG_ANALYZER_OBJC_ATSYNC = YES;
				CLANG_ANALYZER_OBJC_COLLECTIONS = YES;
				CLANG_ANALYZER_OBJC_DEALLOC = YES;
				CLANG_ANALYZER_OBJC_GENERICS = YES;
				CLANG_ANALYZER_OBJC_INCOMP_METHOD_TYPES = YES;
				CLANG_ANALYZER_OBJC_NSCFERROR = YES;
				CLANG_ANALYZER_OBJC_RETAIN_COUNT = YES;
				CLANG_ANALYZER_OBJC_SELF_INIT = YES;
				CLANG_ANALYZER_OBJC_UNUSED_IVARS = YES;
				CLANG_ANALYZER_SECURITY_FLOATLOOPCOUNTER = YES;
				CLANG_ANALYZER_SECURITY_INSECUREAPI_GETPW_GETS = YES;
				CLANG_ANALYZER_SECURITY_INSECUREAPI_MKSTEMP = YES;
				CLANG_ANALYZER_SECURITY_INSECUREAPI_RAND = YES;
				CLANG_ANALYZER_SECURITY_INSECUREAPI_STRCPY = YES;
				CLANG_ANALYZER_SECURITY_INSECUREAPI_UNCHECKEDRETURN = YES;
				CLANG_ANALYZER_SECURITY_INSECUREAPI_VFORK = YES;
				CLANG_ANALYZER_SECURITY_KEYCHAIN_API = YES;
				CLANG_CXX_LANGUAGE_STANDARD = "c++98";
				CLANG_CXX_LIBRARY = "libc++";
				CLANG_ENABLE_MODULES = YES;
				CLANG_ENABLE_OBJC_ARC = NO;
				CLANG_STATIC_ANALYZER_MODE = deep;
				CLANG_STATIC_ANALYZER_MODE_ON_ANALYZE_ACTION = deep;
				CLANG_UNDEFINED_BEHAVIOR_SANITIZER_INTEGER = YES;
				CLANG_UNDEFINED_BEHAVIOR_SANITIZER_NULLABILITY = YES;
				CLANG_WARN_ASSIGN_ENUM = YES;
				CLANG_WARN_BLOCK_CAPTURE_AUTORELEASING = YES_ERROR;
				CLANG_WARN_BOOL_CONVERSION = YES;
				CLANG_WARN_COMMA = YES_ERROR;
				CLANG_WARN_CONSTANT_CONVERSION = YES;
				CLANG_WARN_CXX0X_EXTENSIONS = YES;
				CLANG_WARN_DEPRECATED_OBJC_IMPLEMENTATIONS = YES;
				CLANG_WARN_DIRECT_OBJC_ISA_USAGE = YES;
				CLANG_WARN_DOCUMENTATION_COMMENTS = YES;
				CLANG_WARN_EMPTY_BODY = YES;
				CLANG_WARN_ENUM_CONVERSION = YES;
				CLANG_WARN_FLOAT_CONVERSION = YES_ERROR;
				CLANG_WARN_IMPLICIT_SIGN_CONVERSION = YES;
				CLANG_WARN_INFINITE_RECURSION = YES;
				CLANG_WARN_INT_CONVERSION = YES;
				CLANG_WARN_NON_LITERAL_NULL_CONVERSION = YES_ERROR;
				CLANG_WARN_OBJC_EXPLICIT_OWNERSHIP_TYPE = YES;
				CLANG_WARN_OBJC_IMPLICIT_ATOMIC_PROPERTIES = YES;
				CLANG_WARN_OBJC_IMPLICIT_RETAIN_SELF = YES;
				CLANG_WARN_OBJC_LITERAL_CONVERSION = YES_ERROR;
				CLANG_WARN_OBJC_MISSING_PROPERTY_SYNTHESIS = YES;
				CLANG_WARN_OBJC_RECEIVER_WEAK = YES;
				CLANG_WARN_OBJC_REPEATED_USE_OF_WEAK = YES;
				CLANG_WARN_OBJC_ROOT_CLASS = YES_ERROR;
				CLANG_WARN_RANGE_LOOP_ANALYSIS = YES;
				CLANG_WARN_STRICT_PROTOTYPES = YES_ERROR;
				CLANG_WARN_SUSPICIOUS_IMPLICIT_CONVERSION = YES;
				CLANG_WARN_SUSPICIOUS_MOVE = YES;
				CLANG_WARN_UNGUARDED_AVAILABILITY = YES_AGGRESSIVE;
				CLANG_WARN_UNREACHABLE_CODE = YES;
				CLANG_WARN__ARC_BRIDGE_CAST_NONARC = YES;
				CLANG_WARN__DUPLICATE_METHOD_MATCH = YES;
				CLANG_WARN__EXIT_TIME_DESTRUCTORS = YES;
				COPY_PHASE_STRIP = NO;
				ENABLE_NS_ASSERTIONS = YES;
				ENABLE_STRICT_OBJC_MSGSEND = YES;
				ENABLE_TESTABILITY = YES;
				GCC_C_LANGUAGE_STANDARD = c99;
				GCC_ENABLE_OBJC_EXCEPTIONS = YES;
				GCC_NO_COMMON_BLOCKS = YES;
				GCC_OPTIMIZATION_LEVEL = s;
				GCC_SYMBOLS_PRIVATE_EXTERN = NO;
				GCC_TREAT_IMPLICIT_FUNCTION_DECLARATIONS_AS_ERRORS = YES;
				GCC_TREAT_INCOMPATIBLE_POINTER_TYPE_WARNINGS_AS_ERRORS = YES;
				GCC_TREAT_WARNINGS_AS_ERRORS = YES;
				GCC_WARN_64_TO_32_BIT_CONVERSION = YES;
				GCC_WARN_ABOUT_DEPRECATED_FUNCTIONS = YES;
				GCC_WARN_ABOUT_INVALID_OFFSETOF_MACRO = YES;
				GCC_WARN_ABOUT_MISSING_FIELD_INITIALIZERS = YES;
				GCC_WARN_ABOUT_MISSING_NEWLINE = YES;
				GCC_WARN_ABOUT_MISSING_PROTOTYPES = YES;
				GCC_WARN_ABOUT_POINTER_SIGNEDNESS = YES;
				GCC_WARN_ABOUT_RETURN_TYPE = YES;
				GCC_WARN_ALLOW_INCOMPLETE_PROTOCOL = YES;
				GCC_WARN_CHECK_SWITCH_STATEMENTS = YES;
				GCC_WARN_FOUR_CHARACTER_CONSTANTS = YES;
				GCC_WARN_HIDDEN_VIRTUAL_FUNCTIONS = YES;
				GCC_WARN_INHIBIT_ALL_WARNINGS = NO;
				GCC_WARN_INITIALIZER_NOT_FULLY_BRACKETED = YES;
				GCC_WARN_MISSING_PARENTHESES = YES;
				GCC_WARN_MULTIPLE_DEFINITION_TYPES_FOR_SELECTOR = YES;
				GCC_WARN_NON_VIRTUAL_DESTRUCTOR = YES;
				GCC_WARN_PEDANTIC = YES;
				GCC_WARN_SHADOW = YES;
				GCC_WARN_SIGN_COMPARE = YES;
				GCC_WARN_STRICT_SELECTOR_MATCH = YES;
				GCC_WARN_TYPECHECK_CALLS_TO_PRINTF = YES;
				GCC_WARN_UNDECLARED_SELECTOR = YES;
				GCC_WARN_UNINITIALIZED_AUTOS = YES_AGGRESSIVE;
				GCC_WARN_UNKNOWN_PRAGMAS = YES;
				GCC_WARN_UNUSED_FUNCTION = YES;
				GCC_WARN_UNUSED_LABEL = YES;
				GCC_WARN_UNUSED_PARAMETER = YES;
				GCC_WARN_UNUSED_VALUE = YES;
				GCC_WARN_UNUSED_VARIABLE = YES;
				HEADER_SEARCH_PATHS = (
					"$(inherited)",
					/Applications/Xcode.app/Contents/Developer/Toolchains/XcodeDefault.xctoolchain/usr/include,
					Source/include,
				);
				MACOSX_DEPLOYMENT_TARGET = 10.6;
				ONLY_ACTIVE_ARCH = YES;
				RUN_CLANG_STATIC_ANALYZER = YES;
				SDKROOT = macosx;
			};
			name = Debug;
		};
		058C2B091921461E00F5AAA4 /* Release */ = {
			isa = XCBuildConfiguration;
			buildSettings = {
				ALWAYS_SEARCH_USER_PATHS = NO;
				CLANG_ANALYZER_DEADCODE_DEADSTORES = YES;
				CLANG_ANALYZER_GCD = YES;
				CLANG_ANALYZER_LOCALIZABILITY_EMPTY_CONTEXT = YES;
				CLANG_ANALYZER_LOCALIZABILITY_NONLOCALIZED = YES;
				CLANG_ANALYZER_MEMORY_MANAGEMENT = YES;
				CLANG_ANALYZER_NONNULL = YES;
				CLANG_ANALYZER_NUMBER_OBJECT_CONVERSION = YES_AGGRESSIVE;
				CLANG_ANALYZER_OBJC_ATSYNC = YES;
				CLANG_ANALYZER_OBJC_COLLECTIONS = YES;
				CLANG_ANALYZER_OBJC_DEALLOC = YES;
				CLANG_ANALYZER_OBJC_GENERICS = YES;
				CLANG_ANALYZER_OBJC_INCOMP_METHOD_TYPES = YES;
				CLANG_ANALYZER_OBJC_NSCFERROR = YES;
				CLANG_ANALYZER_OBJC_RETAIN_COUNT = YES;
				CLANG_ANALYZER_OBJC_SELF_INIT = YES;
				CLANG_ANALYZER_OBJC_UNUSED_IVARS = YES;
				CLANG_ANALYZER_SECURITY_FLOATLOOPCOUNTER = YES;
				CLANG_ANALYZER_SECURITY_INSECUREAPI_GETPW_GETS = YES;
				CLANG_ANALYZER_SECURITY_INSECUREAPI_MKSTEMP = YES;
				CLANG_ANALYZER_SECURITY_INSECUREAPI_RAND = YES;
				CLANG_ANALYZER_SECURITY_INSECUREAPI_STRCPY = YES;
				CLANG_ANALYZER_SECURITY_INSECUREAPI_UNCHECKEDRETURN = YES;
				CLANG_ANALYZER_SECURITY_INSECUREAPI_VFORK = YES;
				CLANG_ANALYZER_SECURITY_KEYCHAIN_API = YES;
				CLANG_CXX_LANGUAGE_STANDARD = "c++98";
				CLANG_CXX_LIBRARY = "libc++";
				CLANG_ENABLE_MODULES = YES;
				CLANG_ENABLE_OBJC_ARC = NO;
				CLANG_STATIC_ANALYZER_MODE = deep;
				CLANG_STATIC_ANALYZER_MODE_ON_ANALYZE_ACTION = deep;
				CLANG_UNDEFINED_BEHAVIOR_SANITIZER_INTEGER = YES;
				CLANG_UNDEFINED_BEHAVIOR_SANITIZER_NULLABILITY = YES;
				CLANG_WARN_ASSIGN_ENUM = YES;
				CLANG_WARN_BLOCK_CAPTURE_AUTORELEASING = YES_ERROR;
				CLANG_WARN_BOOL_CONVERSION = YES;
				CLANG_WARN_COMMA = YES_ERROR;
				CLANG_WARN_CONSTANT_CONVERSION = YES;
				CLANG_WARN_CXX0X_EXTENSIONS = YES;
				CLANG_WARN_DEPRECATED_OBJC_IMPLEMENTATIONS = YES;
				CLANG_WARN_DIRECT_OBJC_ISA_USAGE = YES;
				CLANG_WARN_DOCUMENTATION_COMMENTS = YES;
				CLANG_WARN_EMPTY_BODY = YES;
				CLANG_WARN_ENUM_CONVERSION = YES;
				CLANG_WARN_FLOAT_CONVERSION = YES_ERROR;
				CLANG_WARN_IMPLICIT_SIGN_CONVERSION = YES;
				CLANG_WARN_INFINITE_RECURSION = YES;
				CLANG_WARN_INT_CONVERSION = YES;
				CLANG_WARN_NON_LITERAL_NULL_CONVERSION = YES_ERROR;
				CLANG_WARN_OBJC_EXPLICIT_OWNERSHIP_TYPE = YES;
				CLANG_WARN_OBJC_IMPLICIT_ATOMIC_PROPERTIES = YES;
				CLANG_WARN_OBJC_IMPLICIT_RETAIN_SELF = YES;
				CLANG_WARN_OBJC_LITERAL_CONVERSION = YES_ERROR;
				CLANG_WARN_OBJC_MISSING_PROPERTY_SYNTHESIS = YES;
				CLANG_WARN_OBJC_RECEIVER_WEAK = YES;
				CLANG_WARN_OBJC_REPEATED_USE_OF_WEAK = YES;
				CLANG_WARN_OBJC_ROOT_CLASS = YES_ERROR;
				CLANG_WARN_RANGE_LOOP_ANALYSIS = YES;
				CLANG_WARN_STRICT_PROTOTYPES = YES_ERROR;
				CLANG_WARN_SUSPICIOUS_IMPLICIT_CONVERSION = YES;
				CLANG_WARN_SUSPICIOUS_MOVE = YES;
				CLANG_WARN_UNGUARDED_AVAILABILITY = YES_AGGRESSIVE;
				CLANG_WARN_UNREACHABLE_CODE = YES;
				CLANG_WARN__ARC_BRIDGE_CAST_NONARC = YES;
				CLANG_WARN__DUPLICATE_METHOD_MATCH = YES;
				CLANG_WARN__EXIT_TIME_DESTRUCTORS = YES;
				COPY_PHASE_STRIP = YES;
				DEBUG_INFORMATION_FORMAT = "dwarf-with-dsym";
				ENABLE_NS_ASSERTIONS = NO;
				ENABLE_STRICT_OBJC_MSGSEND = YES;
				GCC_C_LANGUAGE_STANDARD = c99;
				GCC_ENABLE_OBJC_EXCEPTIONS = YES;
				GCC_NO_COMMON_BLOCKS = YES;
				GCC_OPTIMIZATION_LEVEL = s;
				GCC_SYMBOLS_PRIVATE_EXTERN = YES;
				GCC_TREAT_IMPLICIT_FUNCTION_DECLARATIONS_AS_ERRORS = YES;
				GCC_TREAT_INCOMPATIBLE_POINTER_TYPE_WARNINGS_AS_ERRORS = YES;
				GCC_TREAT_WARNINGS_AS_ERRORS = YES;
				GCC_WARN_64_TO_32_BIT_CONVERSION = YES;
				GCC_WARN_ABOUT_DEPRECATED_FUNCTIONS = YES;
				GCC_WARN_ABOUT_INVALID_OFFSETOF_MACRO = YES;
				GCC_WARN_ABOUT_MISSING_FIELD_INITIALIZERS = YES;
				GCC_WARN_ABOUT_MISSING_NEWLINE = YES;
				GCC_WARN_ABOUT_MISSING_PROTOTYPES = YES;
				GCC_WARN_ABOUT_POINTER_SIGNEDNESS = YES;
				GCC_WARN_ABOUT_RETURN_TYPE = YES;
				GCC_WARN_ALLOW_INCOMPLETE_PROTOCOL = YES;
				GCC_WARN_CHECK_SWITCH_STATEMENTS = YES;
				GCC_WARN_FOUR_CHARACTER_CONSTANTS = YES;
				GCC_WARN_HIDDEN_VIRTUAL_FUNCTIONS = YES;
				GCC_WARN_INHIBIT_ALL_WARNINGS = NO;
				GCC_WARN_INITIALIZER_NOT_FULLY_BRACKETED = YES;
				GCC_WARN_MISSING_PARENTHESES = YES;
				GCC_WARN_MULTIPLE_DEFINITION_TYPES_FOR_SELECTOR = YES;
				GCC_WARN_NON_VIRTUAL_DESTRUCTOR = YES;
				GCC_WARN_PEDANTIC = YES;
				GCC_WARN_SHADOW = YES;
				GCC_WARN_SIGN_COMPARE = YES;
				GCC_WARN_STRICT_SELECTOR_MATCH = YES;
				GCC_WARN_TYPECHECK_CALLS_TO_PRINTF = YES;
				GCC_WARN_UNDECLARED_SELECTOR = YES;
				GCC_WARN_UNINITIALIZED_AUTOS = YES_AGGRESSIVE;
				GCC_WARN_UNKNOWN_PRAGMAS = YES;
				GCC_WARN_UNUSED_FUNCTION = YES;
				GCC_WARN_UNUSED_LABEL = YES;
				GCC_WARN_UNUSED_PARAMETER = YES;
				GCC_WARN_UNUSED_VALUE = YES;
				GCC_WARN_UNUSED_VARIABLE = YES;
				HEADER_SEARCH_PATHS = (
					"$(inherited)",
					/Applications/Xcode.app/Contents/Developer/Toolchains/XcodeDefault.xctoolchain/usr/include,
					Source/include,
				);
				MACOSX_DEPLOYMENT_TARGET = 10.6;
				RUN_CLANG_STATIC_ANALYZER = YES;
				SDKROOT = macosx;
			};
			name = Release;
		};
		058C2B0B1921461E00F5AAA4 /* Debug */ = {
			isa = XCBuildConfiguration;
			buildSettings = {
			};
			name = Debug;
		};
		058C2B0C1921461E00F5AAA4 /* Release */ = {
			isa = XCBuildConfiguration;
			buildSettings = {
			};
			name = Release;
		};
/* End XCBuildConfiguration section */

/* Begin XCConfigurationList section */
		0572029819215379004644BB /* Build configuration list for PBXNativeTarget "XSDocgen" */ = {
			isa = XCConfigurationList;
			buildConfigurations = (
				0572029919215379004644BB /* Debug */,
				0572029A19215379004644BB /* Release */,
			);
			defaultConfigurationIsVisible = 0;
			defaultConfigurationName = Release;
		};
		058C2B061921461E00F5AAA4 /* Build configuration list for PBXProject "XSDocgen" */ = {
			isa = XCConfigurationList;
			buildConfigurations = (
				058C2B081921461E00F5AAA4 /* Debug */,
				058C2B091921461E00F5AAA4 /* Release */,
			);
			defaultConfigurationIsVisible = 0;
			defaultConfigurationName = Release;
		};
		058C2B0A1921461E00F5AAA4 /* Build configuration list for PBXLegacyTarget "XSDocgen - Make" */ = {
			isa = XCConfigurationList;
			buildConfigurations = (
				058C2B0B1921461E00F5AAA4 /* Debug */,
				058C2B0C1921461E00F5AAA4 /* Release */,
			);
			defaultConfigurationIsVisible = 0;
			defaultConfigurationName = Release;
		};
/* End XCConfigurationList section */
	};
	rootObject = 058C2B031921461E00F5AAA4 /* Project object */;
}
